
Microsoft Visual Studio Solution File, Format Version 12.00
# Visual Studio Version 16
VisualStudioVersion = 16.0.29102.190
MinimumVisualStudioVersion = 10.0.40219.1
Project("{2150E333-8FDC-42A3-9474-1A3956D46DE8}") = "src", "src", "{454AD4A3-D1D1-43AC-B1E9-AA3BDE115E4D}"
EndProject
Project("{9A19103F-16F7-4668-BE54-9A1E7A4F7556}") = "Program", "src\Program\Program.csproj", "{BBDCC081-34D8-4CB3-AFB3-2B8C2B2CDFC0}"
EndProject
Project("{9A19103F-16F7-4668-BE54-9A1E7A4F7556}") = "Library", "src\Library\Library.csproj", "{6F057E84-10CD-45DE-8820-3D4B818C6EE3}"
EndProject
Project("{2150E333-8FDC-42A3-9474-1A3956D46DE8}") = "docs", "docs", "{BE2270FE-A632-420B-9CEC-3177528BF1A1}"
	ProjectSection(SolutionItems) = preProject
		docs\Doxify = docs\Doxify
		docs\User stories.md = docs\User stories.md
		docs\ProyectoUML.drawio.svg = docs\ProyectoUML.drawio.svg
		docs\Doxyfile = docs\Doxyfile
		docs\html\index.html = docs\html\index.html
		docs\docs\html\annotated.html = docs\docs\html\annotated.html
		docs\docs\html\annotated_dup.js = docs\docs\html\annotated_dup.js
		docs\docs\html\classes.html = docs\docs\html\classes.html
		docs\docs\html\class_class_library_1_1_cliente-members.html = docs\docs\html\class_class_library_1_1_cliente-members.html
		docs\docs\html\class_class_library_1_1_cliente.html = docs\docs\html\class_class_library_1_1_cliente.html
		docs\docs\html\class_class_library_1_1_cliente.js = docs\docs\html\class_class_library_1_1_cliente.js
		docs\docs\html\class_class_library_1_1_cliente.png = docs\docs\html\class_class_library_1_1_cliente.png
		docs\docs\html\class_class_library_1_1_cotizacion-members.html = docs\docs\html\class_class_library_1_1_cotizacion-members.html
		docs\docs\html\class_class_library_1_1_cotizacion.html = docs\docs\html\class_class_library_1_1_cotizacion.html
		docs\docs\html\class_class_library_1_1_cotizacion.js = docs\docs\html\class_class_library_1_1_cotizacion.js
		docs\docs\html\class_class_library_1_1_emails-members.html = docs\docs\html\class_class_library_1_1_emails-members.html
		docs\docs\html\class_class_library_1_1_emails.html = docs\docs\html\class_class_library_1_1_emails.html
		docs\docs\html\class_class_library_1_1_emails.js = docs\docs\html\class_class_library_1_1_emails.js
		docs\docs\html\class_class_library_1_1_emails.png = docs\docs\html\class_class_library_1_1_emails.png
		docs\docs\html\class_class_library_1_1_interaccion-members.html = docs\docs\html\class_class_library_1_1_interaccion-members.html
		docs\docs\html\class_class_library_1_1_interaccion.html = docs\docs\html\class_class_library_1_1_interaccion.html
		docs\docs\html\class_class_library_1_1_interaccion.js = docs\docs\html\class_class_library_1_1_interaccion.js
		docs\docs\html\class_class_library_1_1_interaccion.png = docs\docs\html\class_class_library_1_1_interaccion.png
		docs\docs\html\class_class_library_1_1_llamadas-members.html = docs\docs\html\class_class_library_1_1_llamadas-members.html
		docs\docs\html\class_class_library_1_1_llamadas.html = docs\docs\html\class_class_library_1_1_llamadas.html
		docs\docs\html\class_class_library_1_1_llamadas.js = docs\docs\html\class_class_library_1_1_llamadas.js
		docs\docs\html\class_class_library_1_1_llamadas.png = docs\docs\html\class_class_library_1_1_llamadas.png
		docs\docs\html\class_class_library_1_1_mensajes-members.html = docs\docs\html\class_class_library_1_1_mensajes-members.html
		docs\docs\html\class_class_library_1_1_mensajes.html = docs\docs\html\class_class_library_1_1_mensajes.html
		docs\docs\html\class_class_library_1_1_mensajes.js = docs\docs\html\class_class_library_1_1_mensajes.js
		docs\docs\html\class_class_library_1_1_mensajes.png = docs\docs\html\class_class_library_1_1_mensajes.png
		docs\docs\html\class_class_library_1_1_persona-members.html = docs\docs\html\class_class_library_1_1_persona-members.html
		docs\docs\html\class_class_library_1_1_persona.html = docs\docs\html\class_class_library_1_1_persona.html
		docs\docs\html\class_class_library_1_1_persona.js = docs\docs\html\class_class_library_1_1_persona.js
		docs\docs\html\class_class_library_1_1_persona.png = docs\docs\html\class_class_library_1_1_persona.png
		docs\docs\html\class_class_library_1_1_producto-members.html = docs\docs\html\class_class_library_1_1_producto-members.html
		docs\docs\html\class_class_library_1_1_producto.html = docs\docs\html\class_class_library_1_1_producto.html
		docs\docs\html\class_class_library_1_1_producto.js = docs\docs\html\class_class_library_1_1_producto.js
		docs\docs\html\class_class_library_1_1_reuniones-members.html = docs\docs\html\class_class_library_1_1_reuniones-members.html
		docs\docs\html\class_class_library_1_1_reuniones.html = docs\docs\html\class_class_library_1_1_reuniones.html
		docs\docs\html\class_class_library_1_1_reuniones.js = docs\docs\html\class_class_library_1_1_reuniones.js
		docs\docs\html\class_class_library_1_1_reuniones.png = docs\docs\html\class_class_library_1_1_reuniones.png
		docs\docs\html\class_class_library_1_1_train-members.html = docs\docs\html\class_class_library_1_1_train-members.html
		docs\docs\html\class_class_library_1_1_train.html = docs\docs\html\class_class_library_1_1_train.html
		docs\docs\html\class_class_library_1_1_train.js = docs\docs\html\class_class_library_1_1_train.js
		docs\docs\html\class_class_library_1_1_usuario-members.html = docs\docs\html\class_class_library_1_1_usuario-members.html
		docs\docs\html\class_class_library_1_1_usuario.html = docs\docs\html\class_class_library_1_1_usuario.html
		docs\docs\html\class_class_library_1_1_usuario.js = docs\docs\html\class_class_library_1_1_usuario.js
		docs\docs\html\class_class_library_1_1_usuario.png = docs\docs\html\class_class_library_1_1_usuario.png
		docs\docs\html\class_class_library_1_1_venta-members.html = docs\docs\html\class_class_library_1_1_venta-members.html
		docs\docs\html\class_class_library_1_1_venta.html = docs\docs\html\class_class_library_1_1_venta.html
		docs\docs\html\class_class_library_1_1_venta.js = docs\docs\html\class_class_library_1_1_venta.js
		docs\docs\html\class_console_application_1_1_program-members.html = docs\docs\html\class_console_application_1_1_program-members.html
		docs\docs\html\class_console_application_1_1_program.html = docs\docs\html\class_console_application_1_1_program.html
		docs\docs\html\class_console_application_1_1_program.js = docs\docs\html\class_console_application_1_1_program.js
		docs\docs\html\class_gestor_ventas-members.html = docs\docs\html\class_gestor_ventas-members.html
		docs\docs\html\class_gestor_ventas.html = docs\docs\html\class_gestor_ventas.html
		docs\docs\html\class_gestor_ventas.js = docs\docs\html\class_gestor_ventas.js
		docs\docs\html\class_library_1_1_administrador-members.html = docs\docs\html\class_library_1_1_administrador-members.html
		docs\docs\html\class_library_1_1_administrador.html = docs\docs\html\class_library_1_1_administrador.html
		docs\docs\html\class_library_1_1_administrador.js = docs\docs\html\class_library_1_1_administrador.js
		docs\docs\html\class_library_1_1_administrador.png = docs\docs\html\class_library_1_1_administrador.png
		docs\docs\html\class_library_1_1_administrar_clientes-members.html = docs\docs\html\class_library_1_1_administrar_clientes-members.html
		docs\docs\html\class_library_1_1_administrar_clientes.html = docs\docs\html\class_library_1_1_administrar_clientes.html
		docs\docs\html\class_library_1_1_administrar_clientes.js = docs\docs\html\class_library_1_1_administrar_clientes.js
		docs\docs\html\class_library_1_1_administrar_interacciones-members.html = docs\docs\html\class_library_1_1_administrar_interacciones-members.html
		docs\docs\html\class_library_1_1_administrar_interacciones.html = docs\docs\html\class_library_1_1_administrar_interacciones.html
		docs\docs\html\class_library_1_1_administrar_interacciones.js = docs\docs\html\class_library_1_1_administrar_interacciones.js
		docs\docs\html\class_library_1_1_administrar_usuarios-members.html = docs\docs\html\class_library_1_1_administrar_usuarios-members.html
		docs\docs\html\class_library_1_1_administrar_usuarios.html = docs\docs\html\class_library_1_1_administrar_usuarios.html
		docs\docs\html\class_library_1_1_administrar_usuarios.js = docs\docs\html\class_library_1_1_administrar_usuarios.js
		docs\docs\html\class_library_1_1_excepciones_1_1_permiso_denegado_exception-members.html = docs\docs\html\class_library_1_1_excepciones_1_1_permiso_denegado_exception-members.html
		docs\docs\html\class_library_1_1_excepciones_1_1_permiso_denegado_exception.html = docs\docs\html\class_library_1_1_excepciones_1_1_permiso_denegado_exception.html
		docs\docs\html\class_library_1_1_excepciones_1_1_permiso_denegado_exception.js = docs\docs\html\class_library_1_1_excepciones_1_1_permiso_denegado_exception.js
		docs\docs\html\class_library_1_1_excepciones_1_1_permiso_denegado_exception.png = docs\docs\html\class_library_1_1_excepciones_1_1_permiso_denegado_exception.png
		docs\docs\html\class_library_1_1_excepciones_1_1_suspended_user_exception-members.html = docs\docs\html\class_library_1_1_excepciones_1_1_suspended_user_exception-members.html
		docs\docs\html\class_library_1_1_excepciones_1_1_suspended_user_exception.html = docs\docs\html\class_library_1_1_excepciones_1_1_suspended_user_exception.html
		docs\docs\html\class_library_1_1_excepciones_1_1_suspended_user_exception.js = docs\docs\html\class_library_1_1_excepciones_1_1_suspended_user_exception.js
		docs\docs\html\class_library_1_1_excepciones_1_1_suspended_user_exception.png = docs\docs\html\class_library_1_1_excepciones_1_1_suspended_user_exception.png
		docs\docs\html\class_library_1_1_fachada-members.html = docs\docs\html\class_library_1_1_fachada-members.html
		docs\docs\html\class_library_1_1_fachada.html = docs\docs\html\class_library_1_1_fachada.html
		docs\docs\html\class_library_1_1_fachada.js = docs\docs\html\class_library_1_1_fachada.js
		docs\docs\html\class_library_1_1_vendedor-members.html = docs\docs\html\class_library_1_1_vendedor-members.html
		docs\docs\html\class_library_1_1_vendedor.html = docs\docs\html\class_library_1_1_vendedor.html
		docs\docs\html\class_library_1_1_vendedor.js = docs\docs\html\class_library_1_1_vendedor.js
		docs\docs\html\class_library_1_1_vendedor.png = docs\docs\html\class_library_1_1_vendedor.png
		docs\docs\html\class_tests_1_1_fachada_all_tests-members.html = docs\docs\html\class_tests_1_1_fachada_all_tests-members.html
		docs\docs\html\class_tests_1_1_fachada_all_tests.html = docs\docs\html\class_tests_1_1_fachada_all_tests.html
		docs\docs\html\class_tests_1_1_fachada_all_tests.js = docs\docs\html\class_tests_1_1_fachada_all_tests.js
		docs\docs\html\class_tests_1_1_fachada_all_tests_1_1_test_interaccion-members.html = docs\docs\html\class_tests_1_1_fachada_all_tests_1_1_test_interaccion-members.html
		docs\docs\html\class_tests_1_1_fachada_all_tests_1_1_test_interaccion.html = docs\docs\html\class_tests_1_1_fachada_all_tests_1_1_test_interaccion.html
		docs\docs\html\class_tests_1_1_fachada_all_tests_1_1_test_interaccion.js = docs\docs\html\class_tests_1_1_fachada_all_tests_1_1_test_interaccion.js
		docs\docs\html\class_tests_1_1_fachada_all_tests_1_1_test_interaccion.png = docs\docs\html\class_tests_1_1_fachada_all_tests_1_1_test_interaccion.png
		docs\docs\html\class_tests_1_1_train_tests-members.html = docs\docs\html\class_tests_1_1_train_tests-members.html
		docs\docs\html\class_tests_1_1_train_tests.html = docs\docs\html\class_tests_1_1_train_tests.html
		docs\docs\html\class_tests_1_1_train_tests.js = docs\docs\html\class_tests_1_1_train_tests.js
		docs\docs\html\clipboard.js = docs\docs\html\clipboard.js
		docs\docs\html\cookie.js = docs\docs\html\cookie.js
		docs\docs\html\dir_0567e4b2e116c46e2bf644a8aa059564.html = docs\docs\html\dir_0567e4b2e116c46e2bf644a8aa059564.html
		docs\docs\html\dir_0567e4b2e116c46e2bf644a8aa059564.js = docs\docs\html\dir_0567e4b2e116c46e2bf644a8aa059564.js
		docs\docs\html\dir_0a8c3899cf6bd325fd89cc23f93e964a.html = docs\docs\html\dir_0a8c3899cf6bd325fd89cc23f93e964a.html
		docs\docs\html\dir_0a8c3899cf6bd325fd89cc23f93e964a.js = docs\docs\html\dir_0a8c3899cf6bd325fd89cc23f93e964a.js
		docs\docs\html\dir_13e138d54eb8818da29c3992edef070a.html = docs\docs\html\dir_13e138d54eb8818da29c3992edef070a.html
		docs\docs\html\dir_13e138d54eb8818da29c3992edef070a.js = docs\docs\html\dir_13e138d54eb8818da29c3992edef070a.js
		docs\docs\html\dir_3be738f0249d70895e6577cd69c6ea1a.html = docs\docs\html\dir_3be738f0249d70895e6577cd69c6ea1a.html
		docs\docs\html\dir_3be738f0249d70895e6577cd69c6ea1a.js = docs\docs\html\dir_3be738f0249d70895e6577cd69c6ea1a.js
		docs\docs\html\dir_489a34f874ee199237b4241587f8b6f5.html = docs\docs\html\dir_489a34f874ee199237b4241587f8b6f5.html
		docs\docs\html\dir_489a34f874ee199237b4241587f8b6f5.js = docs\docs\html\dir_489a34f874ee199237b4241587f8b6f5.js
		docs\docs\html\dir_524f4946c556cae7574cdc771a9bd973.html = docs\docs\html\dir_524f4946c556cae7574cdc771a9bd973.html
		docs\docs\html\dir_524f4946c556cae7574cdc771a9bd973.js = docs\docs\html\dir_524f4946c556cae7574cdc771a9bd973.js
		docs\docs\html\dir_68267d1309a1af8e8297ef4c3efbcdba.html = docs\docs\html\dir_68267d1309a1af8e8297ef4c3efbcdba.html
		docs\docs\html\dir_68267d1309a1af8e8297ef4c3efbcdba.js = docs\docs\html\dir_68267d1309a1af8e8297ef4c3efbcdba.js
		docs\docs\html\dir_6c8e1213d96547949c4ad1dee757a549.html = docs\docs\html\dir_6c8e1213d96547949c4ad1dee757a549.html
		docs\docs\html\dir_6c8e1213d96547949c4ad1dee757a549.js = docs\docs\html\dir_6c8e1213d96547949c4ad1dee757a549.js
		docs\docs\html\dir_77de3cc35bda327d7cbeb1aabf5b0844.html = docs\docs\html\dir_77de3cc35bda327d7cbeb1aabf5b0844.html
		docs\docs\html\dir_77de3cc35bda327d7cbeb1aabf5b0844.js = docs\docs\html\dir_77de3cc35bda327d7cbeb1aabf5b0844.js
		docs\docs\html\dir_86fead3ea867aab2e94b3b1f7813ef2b.html = docs\docs\html\dir_86fead3ea867aab2e94b3b1f7813ef2b.html
		docs\docs\html\dir_86fead3ea867aab2e94b3b1f7813ef2b.js = docs\docs\html\dir_86fead3ea867aab2e94b3b1f7813ef2b.js
		docs\docs\html\dir_94161fb47bad167b5a55c70a12f29d51.html = docs\docs\html\dir_94161fb47bad167b5a55c70a12f29d51.html
		docs\docs\html\dir_94161fb47bad167b5a55c70a12f29d51.js = docs\docs\html\dir_94161fb47bad167b5a55c70a12f29d51.js
		docs\docs\html\dir_9bdd78b8b1c9f58dc052d00e39963b7a.html = docs\docs\html\dir_9bdd78b8b1c9f58dc052d00e39963b7a.html
		docs\docs\html\dir_9bdd78b8b1c9f58dc052d00e39963b7a.js = docs\docs\html\dir_9bdd78b8b1c9f58dc052d00e39963b7a.js
		docs\docs\html\dir_a27c73db7f07595f40a2191f03494acb.html = docs\docs\html\dir_a27c73db7f07595f40a2191f03494acb.html
		docs\docs\html\dir_a27c73db7f07595f40a2191f03494acb.js = docs\docs\html\dir_a27c73db7f07595f40a2191f03494acb.js
		docs\docs\html\dir_e55e835f2d471850e06e76b126902d6d.html = docs\docs\html\dir_e55e835f2d471850e06e76b126902d6d.html
		docs\docs\html\dir_e55e835f2d471850e06e76b126902d6d.js = docs\docs\html\dir_e55e835f2d471850e06e76b126902d6d.js
		docs\docs\html\dir_f741251061e5c7c7ed48ab45c3348f11.html = docs\docs\html\dir_f741251061e5c7c7ed48ab45c3348f11.html
		docs\docs\html\dir_f741251061e5c7c7ed48ab45c3348f11.js = docs\docs\html\dir_f741251061e5c7c7ed48ab45c3348f11.js
		docs\docs\html\doxygen.css = docs\docs\html\doxygen.css
		docs\docs\html\doxygen.svg = docs\docs\html\doxygen.svg
		docs\docs\html\doxygen_crawl.html = docs\docs\html\doxygen_crawl.html
		docs\docs\html\dynsections.js = docs\docs\html\dynsections.js
		docs\docs\html\files.html = docs\docs\html\files.html
		docs\docs\html\files_dup.js = docs\docs\html\files_dup.js
		docs\docs\html\functions.html = docs\docs\html\functions.html
		docs\docs\html\functions_func.html = docs\docs\html\functions_func.html
		docs\docs\html\functions_vars.html = docs\docs\html\functions_vars.html
		docs\docs\html\globals.html = docs\docs\html\globals.html
		docs\docs\html\globals_func.html = docs\docs\html\globals_func.html
		docs\docs\html\hierarchy.html = docs\docs\html\hierarchy.html
		docs\docs\html\hierarchy.js = docs\docs\html\hierarchy.js
		docs\docs\html\index.html = docs\docs\html\index.html
		docs\docs\html\jquery.js = docs\docs\html\jquery.js
		docs\docs\html\md__user_01stories.html = docs\docs\html\md__user_01stories.html
		docs\docs\html\menu.js = docs\docs\html\menu.js
		docs\docs\html\menudata.js = docs\docs\html\menudata.js
		docs\docs\html\namespacemembers.html = docs\docs\html\namespacemembers.html
		docs\docs\html\namespacemembers_func.html = docs\docs\html\namespacemembers_func.html
		docs\docs\html\namespaces.html = docs\docs\html\namespaces.html
		docs\docs\html\namespaces_dup.js = docs\docs\html\namespaces_dup.js
		docs\docs\html\namespace_class_library.html = docs\docs\html\namespace_class_library.html
		docs\docs\html\namespace_class_library.js = docs\docs\html\namespace_class_library.js
		docs\docs\html\namespace_console_application.html = docs\docs\html\namespace_console_application.html
		docs\docs\html\namespace_console_application.js = docs\docs\html\namespace_console_application.js
		docs\docs\html\namespace_library.html = docs\docs\html\namespace_library.html
		docs\docs\html\namespace_library.js = docs\docs\html\namespace_library.js
		docs\docs\html\namespace_library_1_1_excepciones.html = docs\docs\html\namespace_library_1_1_excepciones.html
		docs\docs\html\namespace_library_1_1_excepciones.js = docs\docs\html\namespace_library_1_1_excepciones.js
		docs\docs\html\namespace_tests.html = docs\docs\html\namespace_tests.html
		docs\docs\html\namespace_tests.js = docs\docs\html\namespace_tests.js
		docs\docs\html\navtree.css = docs\docs\html\navtree.css
		docs\docs\html\navtree.js = docs\docs\html\navtree.js
		docs\docs\html\navtreedata.js = docs\docs\html\navtreedata.js
		docs\docs\html\navtreeindex0.js = docs\docs\html\navtreeindex0.js
		docs\docs\html\navtreeindex1.js = docs\docs\html\navtreeindex1.js
		docs\docs\html\pages.html = docs\docs\html\pages.html
		docs\docs\html\search\all_0.js = docs\docs\html\search\all_0.js
		docs\docs\html\search\all_1.js = docs\docs\html\search\all_1.js
		docs\docs\html\search\all_10.js = docs\docs\html\search\all_10.js
		docs\docs\html\search\all_11.js = docs\docs\html\search\all_11.js
		docs\docs\html\search\all_12.js = docs\docs\html\search\all_12.js
		docs\docs\html\search\all_13.js = docs\docs\html\search\all_13.js
		docs\docs\html\search\all_2.js = docs\docs\html\search\all_2.js
		docs\docs\html\search\all_3.js = docs\docs\html\search\all_3.js
		docs\docs\html\search\all_4.js = docs\docs\html\search\all_4.js
		docs\docs\html\search\all_5.js = docs\docs\html\search\all_5.js
		docs\docs\html\search\all_6.js = docs\docs\html\search\all_6.js
		docs\docs\html\search\all_7.js = docs\docs\html\search\all_7.js
		docs\docs\html\search\all_8.js = docs\docs\html\search\all_8.js
		docs\docs\html\search\all_9.js = docs\docs\html\search\all_9.js
		docs\docs\html\search\all_a.js = docs\docs\html\search\all_a.js
		docs\docs\html\search\all_b.js = docs\docs\html\search\all_b.js
		docs\docs\html\search\all_c.js = docs\docs\html\search\all_c.js
		docs\docs\html\search\all_d.js = docs\docs\html\search\all_d.js
		docs\docs\html\search\all_e.js = docs\docs\html\search\all_e.js
		docs\docs\html\search\all_f.js = docs\docs\html\search\all_f.js
		docs\docs\html\search\classes_0.js = docs\docs\html\search\classes_0.js
		docs\docs\html\search\classes_1.js = docs\docs\html\search\classes_1.js
		docs\docs\html\search\classes_2.js = docs\docs\html\search\classes_2.js
		docs\docs\html\search\classes_3.js = docs\docs\html\search\classes_3.js
		docs\docs\html\search\classes_4.js = docs\docs\html\search\classes_4.js
		docs\docs\html\search\classes_5.js = docs\docs\html\search\classes_5.js
		docs\docs\html\search\classes_6.js = docs\docs\html\search\classes_6.js
		docs\docs\html\search\classes_7.js = docs\docs\html\search\classes_7.js
		docs\docs\html\search\classes_8.js = docs\docs\html\search\classes_8.js
		docs\docs\html\search\classes_9.js = docs\docs\html\search\classes_9.js
		docs\docs\html\search\classes_a.js = docs\docs\html\search\classes_a.js
		docs\docs\html\search\classes_b.js = docs\docs\html\search\classes_b.js
		docs\docs\html\search\classes_c.js = docs\docs\html\search\classes_c.js
		docs\docs\html\search\classes_d.js = docs\docs\html\search\classes_d.js
		docs\docs\html\search\files_0.js = docs\docs\html\search\files_0.js
		docs\docs\html\search\files_1.js = docs\docs\html\search\files_1.js
		docs\docs\html\search\files_2.js = docs\docs\html\search\files_2.js
		docs\docs\html\search\files_3.js = docs\docs\html\search\files_3.js
		docs\docs\html\search\files_4.js = docs\docs\html\search\files_4.js
		docs\docs\html\search\files_5.js = docs\docs\html\search\files_5.js
		docs\docs\html\search\files_6.js = docs\docs\html\search\files_6.js
		docs\docs\html\search\files_7.js = docs\docs\html\search\files_7.js
		docs\docs\html\search\files_8.js = docs\docs\html\search\files_8.js
		docs\docs\html\search\files_9.js = docs\docs\html\search\files_9.js
		docs\docs\html\search\files_a.js = docs\docs\html\search\files_a.js
		docs\docs\html\search\files_b.js = docs\docs\html\search\files_b.js
		docs\docs\html\search\files_c.js = docs\docs\html\search\files_c.js
		docs\docs\html\search\files_d.js = docs\docs\html\search\files_d.js
		docs\docs\html\search\files_e.js = docs\docs\html\search\files_e.js
		docs\docs\html\search\functions_0.js = docs\docs\html\search\functions_0.js
		docs\docs\html\search\functions_1.js = docs\docs\html\search\functions_1.js
		docs\docs\html\search\functions_2.js = docs\docs\html\search\functions_2.js
		docs\docs\html\search\functions_3.js = docs\docs\html\search\functions_3.js
		docs\docs\html\search\functions_4.js = docs\docs\html\search\functions_4.js
		docs\docs\html\search\functions_5.js = docs\docs\html\search\functions_5.js
		docs\docs\html\search\functions_6.js = docs\docs\html\search\functions_6.js
		docs\docs\html\search\functions_7.js = docs\docs\html\search\functions_7.js
		docs\docs\html\search\functions_8.js = docs\docs\html\search\functions_8.js
		docs\docs\html\search\functions_9.js = docs\docs\html\search\functions_9.js
		docs\docs\html\search\functions_a.js = docs\docs\html\search\functions_a.js
		docs\docs\html\search\functions_b.js = docs\docs\html\search\functions_b.js
		docs\docs\html\search\functions_c.js = docs\docs\html\search\functions_c.js
		docs\docs\html\search\functions_d.js = docs\docs\html\search\functions_d.js
		docs\docs\html\search\functions_e.js = docs\docs\html\search\functions_e.js
		docs\docs\html\search\namespaces_0.js = docs\docs\html\search\namespaces_0.js
		docs\docs\html\search\namespaces_1.js = docs\docs\html\search\namespaces_1.js
		docs\docs\html\search\namespaces_2.js = docs\docs\html\search\namespaces_2.js
		docs\docs\html\search\pages_0.js = docs\docs\html\search\pages_0.js
		docs\docs\html\search\pages_1.js = docs\docs\html\search\pages_1.js
		docs\docs\html\search\search.css = docs\docs\html\search\search.css
		docs\docs\html\search\search.js = docs\docs\html\search\search.js
		docs\docs\html\search\searchdata.js = docs\docs\html\search\searchdata.js
		docs\docs\html\search\variables_0.js = docs\docs\html\search\variables_0.js
		docs\docs\html\search\variables_1.js = docs\docs\html\search\variables_1.js
		docs\docs\html\search\variables_2.js = docs\docs\html\search\variables_2.js
		docs\docs\html\search\variables_3.js = docs\docs\html\search\variables_3.js
		docs\docs\html\search\variables_4.js = docs\docs\html\search\variables_4.js
		docs\docs\html\search\variables_5.js = docs\docs\html\search\variables_5.js
		docs\docs\html\search\variables_6.js = docs\docs\html\search\variables_6.js
		docs\docs\html\search\variables_7.js = docs\docs\html\search\variables_7.js
		docs\docs\html\search\variables_8.js = docs\docs\html\search\variables_8.js
		docs\docs\html\search\variables_9.js = docs\docs\html\search\variables_9.js
		docs\docs\html\search\variables_a.js = docs\docs\html\search\variables_a.js
		docs\docs\html\search\variables_b.js = docs\docs\html\search\variables_b.js
		docs\docs\html\search\variables_c.js = docs\docs\html\search\variables_c.js
		docs\docs\html\search\variables_d.js = docs\docs\html\search\variables_d.js
		docs\docs\html\search\variables_e.js = docs\docs\html\search\variables_e.js
		docs\docs\html\search\variables_f.js = docs\docs\html\search\variables_f.js
		docs\docs\html\src_2_library_2obj_2_debug_2net8_80_2_8_n_e_t_core_app_00_version_0av8_80_8_assembly_attributes_8cs.html = docs\docs\html\src_2_library_2obj_2_debug_2net8_80_2_8_n_e_t_core_app_00_version_0av8_80_8_assembly_attributes_8cs.html
		docs\docs\html\src_2_program_2obj_2_debug_2net8_80_2_8_n_e_t_core_app_00_version_0av8_80_8_assembly_attributes_8cs.html = docs\docs\html\src_2_program_2obj_2_debug_2net8_80_2_8_n_e_t_core_app_00_version_0av8_80_8_assembly_attributes_8cs.html
		docs\docs\html\tabs.css = docs\docs\html\tabs.css
		docs\docs\html\test_2_library_tests_2obj_2_debug_2net8_80_2_8_n_e_t_core_app_00_version_0av8_80_8_assembly_attributes_8cs.html = docs\docs\html\test_2_library_tests_2obj_2_debug_2net8_80_2_8_n_e_t_core_app_00_version_0av8_80_8_assembly_attributes_8cs.html
		docs\docs\html\_administrador_8cs.html = docs\docs\html\_administrador_8cs.html
		docs\docs\html\_administrador_8cs.js = docs\docs\html\_administrador_8cs.js
		docs\docs\html\_administrar_clientes_8cs.html = docs\docs\html\_administrar_clientes_8cs.html
		docs\docs\html\_administrar_clientes_8cs.js = docs\docs\html\_administrar_clientes_8cs.js
		docs\docs\html\_administrar_interacciones_8cs.html = docs\docs\html\_administrar_interacciones_8cs.html
		docs\docs\html\_administrar_interacciones_8cs.js = docs\docs\html\_administrar_interacciones_8cs.js
		docs\docs\html\_administrar_usuarios_8cs.html = docs\docs\html\_administrar_usuarios_8cs.html
		docs\docs\html\_administrar_usuarios_8cs.js = docs\docs\html\_administrar_usuarios_8cs.js
		docs\docs\html\_cliente_8cs.html = docs\docs\html\_cliente_8cs.html
		docs\docs\html\_cliente_8cs.js = docs\docs\html\_cliente_8cs.js
		docs\docs\html\_cotizacion_8cs.html = docs\docs\html\_cotizacion_8cs.html
		docs\docs\html\_cotizacion_8cs.js = docs\docs\html\_cotizacion_8cs.js
		docs\docs\html\_emails_8cs.html = docs\docs\html\_emails_8cs.html
		docs\docs\html\_emails_8cs.js = docs\docs\html\_emails_8cs.js
		docs\docs\html\_fachada_8cs.html = docs\docs\html\_fachada_8cs.html
		docs\docs\html\_fachada_8cs.js = docs\docs\html\_fachada_8cs.js
		docs\docs\html\_fachada___all_test_8cs.html = docs\docs\html\_fachada___all_test_8cs.html
		docs\docs\html\_fachada___all_test_8cs.js = docs\docs\html\_fachada___all_test_8cs.js
		docs\docs\html\_gestor_ventas_8cs.html = docs\docs\html\_gestor_ventas_8cs.html
		docs\docs\html\_gestor_ventas_8cs.js = docs\docs\html\_gestor_ventas_8cs.js
		docs\docs\html\_interaccion_8cs.html = docs\docs\html\_interaccion_8cs.html
		docs\docs\html\_interaccion_8cs.js = docs\docs\html\_interaccion_8cs.js
		docs\docs\html\_i_respondible_8cs.html = docs\docs\html\_i_respondible_8cs.html
		docs\docs\html\_i_respondible_8cs.js = docs\docs\html\_i_respondible_8cs.js
		docs\docs\html\_library_8_assembly_info_8cs.html = docs\docs\html\_library_8_assembly_info_8cs.html
		docs\docs\html\_library_tests_8_assembly_info_8cs.html = docs\docs\html\_library_tests_8_assembly_info_8cs.html
		docs\docs\html\_llamadas_8cs.html = docs\docs\html\_llamadas_8cs.html
		docs\docs\html\_llamadas_8cs.js = docs\docs\html\_llamadas_8cs.js
		docs\docs\html\_mensajes_8cs.html = docs\docs\html\_mensajes_8cs.html
		docs\docs\html\_mensajes_8cs.js = docs\docs\html\_mensajes_8cs.js
		docs\docs\html\_permiso_denegado_exception_8cs.html = docs\docs\html\_permiso_denegado_exception_8cs.html
		docs\docs\html\_permiso_denegado_exception_8cs.js = docs\docs\html\_permiso_denegado_exception_8cs.js
		docs\docs\html\_persona_8cs.html = docs\docs\html\_persona_8cs.html
		docs\docs\html\_persona_8cs.js = docs\docs\html\_persona_8cs.js
		docs\docs\html\_producto_8cs.html = docs\docs\html\_producto_8cs.html
		docs\docs\html\_producto_8cs.js = docs\docs\html\_producto_8cs.js
		docs\docs\html\_program_8cs.html = docs\docs\html\_program_8cs.html
		docs\docs\html\_program_8cs.js = docs\docs\html\_program_8cs.js
		docs\docs\html\_program_8_assembly_info_8cs.html = docs\docs\html\_program_8_assembly_info_8cs.html
		docs\docs\html\_reuniones_8cs.html = docs\docs\html\_reuniones_8cs.html
		docs\docs\html\_reuniones_8cs.js = docs\docs\html\_reuniones_8cs.js
		docs\docs\html\_r_e_a_d_m_e_8md.html = docs\docs\html\_r_e_a_d_m_e_8md.html
		docs\docs\html\_suspended_user_exception_8cs.html = docs\docs\html\_suspended_user_exception_8cs.html
		docs\docs\html\_suspended_user_exception_8cs.js = docs\docs\html\_suspended_user_exception_8cs.js
		docs\docs\html\_train_8cs.html = docs\docs\html\_train_8cs.html
		docs\docs\html\_train_8cs.js = docs\docs\html\_train_8cs.js
		docs\docs\html\_train_tests_8cs.html = docs\docs\html\_train_tests_8cs.html
		docs\docs\html\_train_tests_8cs.js = docs\docs\html\_train_tests_8cs.js
		docs\docs\html\_user_01stories_8md.html = docs\docs\html\_user_01stories_8md.html
		docs\docs\html\_usuario_8cs.html = docs\docs\html\_usuario_8cs.html
		docs\docs\html\_usuario_8cs.js = docs\docs\html\_usuario_8cs.js
		docs\docs\html\_vendedor_8cs.html = docs\docs\html\_vendedor_8cs.html
		docs\docs\html\_vendedor_8cs.js = docs\docs\html\_vendedor_8cs.js
		docs\docs\html\_venta_8cs.html = docs\docs\html\_venta_8cs.html
		docs\docs\html\_venta_8cs.js = docs\docs\html\_venta_8cs.js
		docs\docs\latex\annotated.tex = docs\docs\latex\annotated.tex
		docs\docs\latex\class_class_library_1_1_cliente.eps = docs\docs\latex\class_class_library_1_1_cliente.eps
		docs\docs\latex\class_class_library_1_1_cliente.tex = docs\docs\latex\class_class_library_1_1_cliente.tex
		docs\docs\latex\class_class_library_1_1_cotizacion.tex = docs\docs\latex\class_class_library_1_1_cotizacion.tex
		docs\docs\latex\class_class_library_1_1_emails.eps = docs\docs\latex\class_class_library_1_1_emails.eps
		docs\docs\latex\class_class_library_1_1_emails.tex = docs\docs\latex\class_class_library_1_1_emails.tex
		docs\docs\latex\class_class_library_1_1_interaccion.eps = docs\docs\latex\class_class_library_1_1_interaccion.eps
		docs\docs\latex\class_class_library_1_1_interaccion.tex = docs\docs\latex\class_class_library_1_1_interaccion.tex
		docs\docs\latex\class_class_library_1_1_llamadas.eps = docs\docs\latex\class_class_library_1_1_llamadas.eps
		docs\docs\latex\class_class_library_1_1_llamadas.tex = docs\docs\latex\class_class_library_1_1_llamadas.tex
		docs\docs\latex\class_class_library_1_1_mensajes.eps = docs\docs\latex\class_class_library_1_1_mensajes.eps
		docs\docs\latex\class_class_library_1_1_mensajes.tex = docs\docs\latex\class_class_library_1_1_mensajes.tex
		docs\docs\latex\class_class_library_1_1_persona.eps = docs\docs\latex\class_class_library_1_1_persona.eps
		docs\docs\latex\class_class_library_1_1_persona.tex = docs\docs\latex\class_class_library_1_1_persona.tex
		docs\docs\latex\class_class_library_1_1_producto.tex = docs\docs\latex\class_class_library_1_1_producto.tex
		docs\docs\latex\class_class_library_1_1_reuniones.eps = docs\docs\latex\class_class_library_1_1_reuniones.eps
		docs\docs\latex\class_class_library_1_1_reuniones.tex = docs\docs\latex\class_class_library_1_1_reuniones.tex
		docs\docs\latex\class_class_library_1_1_train.tex = docs\docs\latex\class_class_library_1_1_train.tex
		docs\docs\latex\class_class_library_1_1_usuario.eps = docs\docs\latex\class_class_library_1_1_usuario.eps
		docs\docs\latex\class_class_library_1_1_usuario.tex = docs\docs\latex\class_class_library_1_1_usuario.tex
		docs\docs\latex\class_class_library_1_1_venta.tex = docs\docs\latex\class_class_library_1_1_venta.tex
		docs\docs\latex\class_console_application_1_1_program.tex = docs\docs\latex\class_console_application_1_1_program.tex
		docs\docs\latex\class_gestor_ventas.tex = docs\docs\latex\class_gestor_ventas.tex
		docs\docs\latex\class_library_1_1_administrador.eps = docs\docs\latex\class_library_1_1_administrador.eps
		docs\docs\latex\class_library_1_1_administrador.tex = docs\docs\latex\class_library_1_1_administrador.tex
		docs\docs\latex\class_library_1_1_administrar_clientes.tex = docs\docs\latex\class_library_1_1_administrar_clientes.tex
		docs\docs\latex\class_library_1_1_administrar_interacciones.tex = docs\docs\latex\class_library_1_1_administrar_interacciones.tex
		docs\docs\latex\class_library_1_1_administrar_usuarios.tex = docs\docs\latex\class_library_1_1_administrar_usuarios.tex
		docs\docs\latex\class_library_1_1_excepciones_1_1_permiso_denegado_exception.eps = docs\docs\latex\class_library_1_1_excepciones_1_1_permiso_denegado_exception.eps
		docs\docs\latex\class_library_1_1_excepciones_1_1_permiso_denegado_exception.tex = docs\docs\latex\class_library_1_1_excepciones_1_1_permiso_denegado_exception.tex
		docs\docs\latex\class_library_1_1_excepciones_1_1_suspended_user_exception.eps = docs\docs\latex\class_library_1_1_excepciones_1_1_suspended_user_exception.eps
		docs\docs\latex\class_library_1_1_excepciones_1_1_suspended_user_exception.tex = docs\docs\latex\class_library_1_1_excepciones_1_1_suspended_user_exception.tex
		docs\docs\latex\class_library_1_1_fachada.tex = docs\docs\latex\class_library_1_1_fachada.tex
		docs\docs\latex\class_library_1_1_vendedor.eps = docs\docs\latex\class_library_1_1_vendedor.eps
		docs\docs\latex\class_library_1_1_vendedor.tex = docs\docs\latex\class_library_1_1_vendedor.tex
		docs\docs\latex\class_tests_1_1_fachada_all_tests.tex = docs\docs\latex\class_tests_1_1_fachada_all_tests.tex
		docs\docs\latex\class_tests_1_1_fachada_all_tests_1_1_test_interaccion.eps = docs\docs\latex\class_tests_1_1_fachada_all_tests_1_1_test_interaccion.eps
		docs\docs\latex\class_tests_1_1_fachada_all_tests_1_1_test_interaccion.tex = docs\docs\latex\class_tests_1_1_fachada_all_tests_1_1_test_interaccion.tex
		docs\docs\latex\class_tests_1_1_train_tests.tex = docs\docs\latex\class_tests_1_1_train_tests.tex
		docs\docs\latex\dirs.tex = docs\docs\latex\dirs.tex
		docs\docs\latex\dir_0567e4b2e116c46e2bf644a8aa059564.tex = docs\docs\latex\dir_0567e4b2e116c46e2bf644a8aa059564.tex
		docs\docs\latex\dir_0a8c3899cf6bd325fd89cc23f93e964a.tex = docs\docs\latex\dir_0a8c3899cf6bd325fd89cc23f93e964a.tex
		docs\docs\latex\dir_13e138d54eb8818da29c3992edef070a.tex = docs\docs\latex\dir_13e138d54eb8818da29c3992edef070a.tex
		docs\docs\latex\dir_3be738f0249d70895e6577cd69c6ea1a.tex = docs\docs\latex\dir_3be738f0249d70895e6577cd69c6ea1a.tex
		docs\docs\latex\dir_489a34f874ee199237b4241587f8b6f5.tex = docs\docs\latex\dir_489a34f874ee199237b4241587f8b6f5.tex
		docs\docs\latex\dir_524f4946c556cae7574cdc771a9bd973.tex = docs\docs\latex\dir_524f4946c556cae7574cdc771a9bd973.tex
		docs\docs\latex\dir_68267d1309a1af8e8297ef4c3efbcdba.tex = docs\docs\latex\dir_68267d1309a1af8e8297ef4c3efbcdba.tex
		docs\docs\latex\dir_6c8e1213d96547949c4ad1dee757a549.tex = docs\docs\latex\dir_6c8e1213d96547949c4ad1dee757a549.tex
		docs\docs\latex\dir_77de3cc35bda327d7cbeb1aabf5b0844.tex = docs\docs\latex\dir_77de3cc35bda327d7cbeb1aabf5b0844.tex
		docs\docs\latex\dir_86fead3ea867aab2e94b3b1f7813ef2b.tex = docs\docs\latex\dir_86fead3ea867aab2e94b3b1f7813ef2b.tex
		docs\docs\latex\dir_94161fb47bad167b5a55c70a12f29d51.tex = docs\docs\latex\dir_94161fb47bad167b5a55c70a12f29d51.tex
		docs\docs\latex\dir_9bdd78b8b1c9f58dc052d00e39963b7a.tex = docs\docs\latex\dir_9bdd78b8b1c9f58dc052d00e39963b7a.tex
		docs\docs\latex\dir_a27c73db7f07595f40a2191f03494acb.tex = docs\docs\latex\dir_a27c73db7f07595f40a2191f03494acb.tex
		docs\docs\latex\dir_e55e835f2d471850e06e76b126902d6d.tex = docs\docs\latex\dir_e55e835f2d471850e06e76b126902d6d.tex
		docs\docs\latex\dir_f741251061e5c7c7ed48ab45c3348f11.tex = docs\docs\latex\dir_f741251061e5c7c7ed48ab45c3348f11.tex
		docs\docs\latex\doxygen.sty = docs\docs\latex\doxygen.sty
		docs\docs\latex\etoc_doxygen.sty = docs\docs\latex\etoc_doxygen.sty
		docs\docs\latex\files.tex = docs\docs\latex\files.tex
		docs\docs\latex\hierarchy.tex = docs\docs\latex\hierarchy.tex
		docs\docs\latex\make.bat = docs\docs\latex\make.bat
		docs\docs\latex\Makefile = docs\docs\latex\Makefile
		docs\docs\latex\md__user_01stories.tex = docs\docs\latex\md__user_01stories.tex
		docs\docs\latex\namespaces.tex = docs\docs\latex\namespaces.tex
		docs\docs\latex\namespace_class_library.tex = docs\docs\latex\namespace_class_library.tex
		docs\docs\latex\namespace_console_application.tex = docs\docs\latex\namespace_console_application.tex
		docs\docs\latex\namespace_library.tex = docs\docs\latex\namespace_library.tex
		docs\docs\latex\namespace_library_1_1_excepciones.tex = docs\docs\latex\namespace_library_1_1_excepciones.tex
		docs\docs\latex\namespace_tests.tex = docs\docs\latex\namespace_tests.tex
		docs\docs\latex\refman.tex = docs\docs\latex\refman.tex
		docs\docs\latex\src_2_library_2obj_2_debug_2net8_80_2_8_n_e_t_core_app_00_version_0av8_80_8_assembly_attributes_8cs.tex = docs\docs\latex\src_2_library_2obj_2_debug_2net8_80_2_8_n_e_t_core_app_00_version_0av8_80_8_assembly_attributes_8cs.tex
		docs\docs\latex\src_2_program_2obj_2_debug_2net8_80_2_8_n_e_t_core_app_00_version_0av8_80_8_assembly_attributes_8cs.tex = docs\docs\latex\src_2_program_2obj_2_debug_2net8_80_2_8_n_e_t_core_app_00_version_0av8_80_8_assembly_attributes_8cs.tex
		docs\docs\latex\test_2_library_tests_2obj_2_debug_2net8_80_2_8_n_e_t_core_app_00_version_0av8_80_8_assembly_attributes_8cs.tex = docs\docs\latex\test_2_library_tests_2obj_2_debug_2net8_80_2_8_n_e_t_core_app_00_version_0av8_80_8_assembly_attributes_8cs.tex
		docs\docs\latex\_administrador_8cs.tex = docs\docs\latex\_administrador_8cs.tex
		docs\docs\latex\_administrar_clientes_8cs.tex = docs\docs\latex\_administrar_clientes_8cs.tex
		docs\docs\latex\_administrar_interacciones_8cs.tex = docs\docs\latex\_administrar_interacciones_8cs.tex
		docs\docs\latex\_administrar_usuarios_8cs.tex = docs\docs\latex\_administrar_usuarios_8cs.tex
		docs\docs\latex\_cliente_8cs.tex = docs\docs\latex\_cliente_8cs.tex
		docs\docs\latex\_cotizacion_8cs.tex = docs\docs\latex\_cotizacion_8cs.tex
		docs\docs\latex\_emails_8cs.tex = docs\docs\latex\_emails_8cs.tex
		docs\docs\latex\_fachada_8cs.tex = docs\docs\latex\_fachada_8cs.tex
		docs\docs\latex\_fachada___all_test_8cs.tex = docs\docs\latex\_fachada___all_test_8cs.tex
		docs\docs\latex\_gestor_ventas_8cs.tex = docs\docs\latex\_gestor_ventas_8cs.tex
		docs\docs\latex\_interaccion_8cs.tex = docs\docs\latex\_interaccion_8cs.tex
		docs\docs\latex\_i_respondible_8cs.tex = docs\docs\latex\_i_respondible_8cs.tex
		docs\docs\latex\_library_8_assembly_info_8cs.tex = docs\docs\latex\_library_8_assembly_info_8cs.tex
		docs\docs\latex\_library_tests_8_assembly_info_8cs.tex = docs\docs\latex\_library_tests_8_assembly_info_8cs.tex
		docs\docs\latex\_llamadas_8cs.tex = docs\docs\latex\_llamadas_8cs.tex
		docs\docs\latex\_mensajes_8cs.tex = docs\docs\latex\_mensajes_8cs.tex
		docs\docs\latex\_permiso_denegado_exception_8cs.tex = docs\docs\latex\_permiso_denegado_exception_8cs.tex
		docs\docs\latex\_persona_8cs.tex = docs\docs\latex\_persona_8cs.tex
		docs\docs\latex\_producto_8cs.tex = docs\docs\latex\_producto_8cs.tex
		docs\docs\latex\_program_8cs.tex = docs\docs\latex\_program_8cs.tex
		docs\docs\latex\_program_8_assembly_info_8cs.tex = docs\docs\latex\_program_8_assembly_info_8cs.tex
		docs\docs\latex\_reuniones_8cs.tex = docs\docs\latex\_reuniones_8cs.tex
		docs\docs\latex\_r_e_a_d_m_e_8md.tex = docs\docs\latex\_r_e_a_d_m_e_8md.tex
		docs\docs\latex\_suspended_user_exception_8cs.tex = docs\docs\latex\_suspended_user_exception_8cs.tex
		docs\docs\latex\_train_8cs.tex = docs\docs\latex\_train_8cs.tex
		docs\docs\latex\_train_tests_8cs.tex = docs\docs\latex\_train_tests_8cs.tex
		docs\docs\latex\_user_01stories_8md.tex = docs\docs\latex\_user_01stories_8md.tex
		docs\docs\latex\_usuario_8cs.tex = docs\docs\latex\_usuario_8cs.tex
		docs\docs\latex\_vendedor_8cs.tex = docs\docs\latex\_vendedor_8cs.tex
		docs\docs\latex\_venta_8cs.tex = docs\docs\latex\_venta_8cs.tex
	EndProjectSection
EndProject
Project("{2150E333-8FDC-42A3-9474-1A3956D46DE8}") = "test", "test", "{4609408A-2219-49AA-87F2-4A5D8B0B25F6}"
EndProject
Project("{FAE04EC0-301F-11D3-BF4B-00C04F79EFBC}") = "LibraryTests", "test\LibraryTests\LibraryTests.csproj", "{C5A5123B-F975-417F-948C-EBAB197F5000}"
EndProject
Global
	GlobalSection(SolutionConfigurationPlatforms) = preSolution
		Debug|Any CPU = Debug|Any CPU
		Release|Any CPU = Release|Any CPU
	EndGlobalSection
	GlobalSection(ProjectConfigurationPlatforms) = postSolution
		{BBDCC081-34D8-4CB3-AFB3-2B8C2B2CDFC0}.Debug|Any CPU.ActiveCfg = Debug|Any CPU
		{BBDCC081-34D8-4CB3-AFB3-2B8C2B2CDFC0}.Debug|Any CPU.Build.0 = Debug|Any CPU
		{BBDCC081-34D8-4CB3-AFB3-2B8C2B2CDFC0}.Release|Any CPU.ActiveCfg = Release|Any CPU
		{BBDCC081-34D8-4CB3-AFB3-2B8C2B2CDFC0}.Release|Any CPU.Build.0 = Release|Any CPU
		{6F057E84-10CD-45DE-8820-3D4B818C6EE3}.Debug|Any CPU.ActiveCfg = Debug|Any CPU
		{6F057E84-10CD-45DE-8820-3D4B818C6EE3}.Debug|Any CPU.Build.0 = Debug|Any CPU
		{6F057E84-10CD-45DE-8820-3D4B818C6EE3}.Release|Any CPU.ActiveCfg = Release|Any CPU
		{6F057E84-10CD-45DE-8820-3D4B818C6EE3}.Release|Any CPU.Build.0 = Release|Any CPU
		{C5A5123B-F975-417F-948C-EBAB197F5000}.Debug|Any CPU.ActiveCfg = Debug|Any CPU
		{C5A5123B-F975-417F-948C-EBAB197F5000}.Debug|Any CPU.Build.0 = Debug|Any CPU
		{C5A5123B-F975-417F-948C-EBAB197F5000}.Release|Any CPU.ActiveCfg = Release|Any CPU
		{C5A5123B-F975-417F-948C-EBAB197F5000}.Release|Any CPU.Build.0 = Release|Any CPU
	EndGlobalSection
	GlobalSection(SolutionProperties) = preSolution
		HideSolutionNode = FALSE
	EndGlobalSection
	GlobalSection(NestedProjects) = preSolution
		{BBDCC081-34D8-4CB3-AFB3-2B8C2B2CDFC0} = {454AD4A3-D1D1-43AC-B1E9-AA3BDE115E4D}
		{6F057E84-10CD-45DE-8820-3D4B818C6EE3} = {454AD4A3-D1D1-43AC-B1E9-AA3BDE115E4D}
		{C5A5123B-F975-417F-948C-EBAB197F5000} = {4609408A-2219-49AA-87F2-4A5D8B0B25F6}
	EndGlobalSection
	GlobalSection(ExtensibilityGlobals) = postSolution
		SolutionGuid = {905C22C0-46AA-4146-89DD-091CBFFAB75B}
	EndGlobalSection
EndGlobal
